{
  "name": "local-llm-hub",
  "version": "3.1.0",
  "lockfileVersion": 3,
  "requires": true,
  "packages": {
    "": {
      "name": "local-llm-hub",
      "version": "3.1.0",
      "license": "MIT",
      "bin": {
        "local-llm-hub": "proxy.js"
      },
      "devDependencies": {},
      "engines": {
        "node": ">=18.0.0"
      }
    }
  }
}
